
Microsoft Visual Studio Solution File, Format Version 12.00
# Visual Studio 15
VisualStudioVersion = 15.0.28307.168
MinimumVisualStudioVersion = 10.0.40219.1
Project("{FAE04EC0-301F-11D3-BF4B-00C04F79EFBC}") = "OVR-DB", "OVR-DB\OVR-DB.csproj", "{74061125-B83E-4C9B-8FE9-77FB04F133E5}"
EndProject
Global
	GlobalSection(SolutionConfigurationPlatforms) = preSolution
		Debug|Any CPU = Debug|Any CPU
		Release|Any CPU = Release|Any CPU
	EndGlobalSection
	GlobalSection(ProjectConfigurationPlatforms) = postSolution
		{74061125-B83E-4C9B-8FE9-77FB04F133E5}.Debug|Any CPU.ActiveCfg = Debug|Any CPU
		{74061125-B83E-4C9B-8FE9-77FB04F133E5}.Debug|Any CPU.Build.0 = Debug|Any CPU
		{74061125-B83E-4C9B-8FE9-77FB04F133E5}.Release|Any CPU.ActiveCfg = Release|Any CPU
		{74061125-B83E-4C9B-8FE9-77FB04F133E5}.Release|Any CPU.Build.0 = Release|Any CPU
	EndGlobalSection
	GlobalSection(SolutionProperties) = preSolution
		HideSolutionNode = FALSE
	EndGlobalSection
	GlobalSection(ExtensibilityGlobals) = postSolution
		SolutionGuid = {406E6F90-816B-4445-AC43-810FDFA3A8FE}
	EndGlobalSection
EndGlobal
